// !$*UTF8*$!
{
	archiveVersion = 1;
	classes = {
	};
	objectVersion = 55;
	objects = {

/* Begin PBXBuildFile section */
		25636990285896900034FDF8 /* Tests_iOS.swift in Sources */ = {isa = PBXBuildFile; fileRef = 2563698F285896900034FDF8 /* Tests_iOS.swift */; };
		25636992285896900034FDF8 /* Tests_iOSLaunchTests.swift in Sources */ = {isa = PBXBuildFile; fileRef = 25636991285896900034FDF8 /* Tests_iOSLaunchTests.swift */; };
		2563699C285896910034FDF8 /* Tests_macOS.swift in Sources */ = {isa = PBXBuildFile; fileRef = 2563699B285896910034FDF8 /* Tests_macOS.swift */; };
		2563699E285896910034FDF8 /* Tests_macOSLaunchTests.swift in Sources */ = {isa = PBXBuildFile; fileRef = 2563699D285896910034FDF8 /* Tests_macOSLaunchTests.swift */; };
		2563699F285896910034FDF8 /* CoordinatorApp.swift in Sources */ = {isa = PBXBuildFile; fileRef = 25636977285896890034FDF8 /* CoordinatorApp.swift */; };
		256369A0285896910034FDF8 /* CoordinatorApp.swift in Sources */ = {isa = PBXBuildFile; fileRef = 25636977285896890034FDF8 /* CoordinatorApp.swift */; };
		256369A1285896910034FDF8 /* ContentView.swift in Sources */ = {isa = PBXBuildFile; fileRef = 25636978285896890034FDF8 /* ContentView.swift */; };
		256369A2285896910034FDF8 /* ContentView.swift in Sources */ = {isa = PBXBuildFile; fileRef = 25636978285896890034FDF8 /* ContentView.swift */; };
		256369A3285896910034FDF8 /* Assets.xcassets in Resources */ = {isa = PBXBuildFile; fileRef = 25636979285896900034FDF8 /* Assets.xcassets */; };
		256369A4285896910034FDF8 /* Assets.xcassets in Resources */ = {isa = PBXBuildFile; fileRef = 25636979285896900034FDF8 /* Assets.xcassets */; };
		256369B72858A1BA0034FDF8 /* CircleImage.swift in Sources */ = {isa = PBXBuildFile; fileRef = 256369B62858A1BA0034FDF8 /* CircleImage.swift */; };
		256369B82858A1BA0034FDF8 /* CircleImage.swift in Sources */ = {isa = PBXBuildFile; fileRef = 256369B62858A1BA0034FDF8 /* CircleImage.swift */; };
		256369BA2858A2E20034FDF8 /* MapView.swift in Sources */ = {isa = PBXBuildFile; fileRef = 256369B92858A2E20034FDF8 /* MapView.swift */; };
		256369BB2858A2E20034FDF8 /* MapView.swift in Sources */ = {isa = PBXBuildFile; fileRef = 256369B92858A2E20034FDF8 /* MapView.swift */; };
		25E21A542859FC7600013EDE /* landmarkData.json in Resources */ = {isa = PBXBuildFile; fileRef = 25E21A532859FC7600013EDE /* landmarkData.json */; };
		25E21A552859FC7600013EDE /* landmarkData.json in Resources */ = {isa = PBXBuildFile; fileRef = 25E21A532859FC7600013EDE /* landmarkData.json */; };
		25E21A572859FC9D00013EDE /* Landmark.swift in Sources */ = {isa = PBXBuildFile; fileRef = 25E21A562859FC9D00013EDE /* Landmark.swift */; };
		25E21A582859FC9D00013EDE /* Landmark.swift in Sources */ = {isa = PBXBuildFile; fileRef = 25E21A562859FC9D00013EDE /* Landmark.swift */; };
		25E21A5A2859FF1E00013EDE /* Data.swift in Sources */ = {isa = PBXBuildFile; fileRef = 25E21A592859FF1E00013EDE /* Data.swift */; };
		25E21A5B2859FF1E00013EDE /* Data.swift in Sources */ = {isa = PBXBuildFile; fileRef = 25E21A592859FF1E00013EDE /* Data.swift */; };
/* End PBXBuildFile section */

/* Begin PBXContainerItemProxy section */
		2563698C285896900034FDF8 /* PBXContainerItemProxy */ = {
			isa = PBXContainerItemProxy;
			containerPortal = 25636972285896880034FDF8 /* Project object */;
			proxyType = 1;
			remoteGlobalIDString = 2563697D285896900034FDF8;
			remoteInfo = "Coordinator (iOS)";
		};
		25636998285896910034FDF8 /* PBXContainerItemProxy */ = {
			isa = PBXContainerItemProxy;
			containerPortal = 25636972285896880034FDF8 /* Project object */;
			proxyType = 1;
			remoteGlobalIDString = 25636983285896900034FDF8;
			remoteInfo = "Coordinator (macOS)";
		};
/* End PBXContainerItemProxy section */

/* Begin PBXFileReference section */
		25636977285896890034FDF8 /* CoordinatorApp.swift */ = {isa = PBXFileReference; lastKnownFileType = sourcecode.swift; path = CoordinatorApp.swift; sourceTree = "<group>"; };
		25636978285896890034FDF8 /* ContentView.swift */ = {isa = PBXFileReference; lastKnownFileType = sourcecode.swift; path = ContentView.swift; sourceTree = "<group>"; };
		25636979285896900034FDF8 /* Assets.xcassets */ = {isa = PBXFileReference; lastKnownFileType = folder.assetcatalog; path = Assets.xcassets; sourceTree = "<group>"; };
		2563697E285896900034FDF8 /* Coordinator.app */ = {isa = PBXFileReference; explicitFileType = wrapper.application; includeInIndex = 0; path = Coordinator.app; sourceTree = BUILT_PRODUCTS_DIR; };
		25636984285896900034FDF8 /* Coordinator.app */ = {isa = PBXFileReference; explicitFileType = wrapper.application; includeInIndex = 0; path = Coordinator.app; sourceTree = BUILT_PRODUCTS_DIR; };
		25636986285896900034FDF8 /* macOS.entitlements */ = {isa = PBXFileReference; lastKnownFileType = text.plist.entitlements; path = macOS.entitlements; sourceTree = "<group>"; };
		2563698B285896900034FDF8 /* Tests iOS.xctest */ = {isa = PBXFileReference; explicitFileType = wrapper.cfbundle; includeInIndex = 0; path = "Tests iOS.xctest"; sourceTree = BUILT_PRODUCTS_DIR; };
		2563698F285896900034FDF8 /* Tests_iOS.swift */ = {isa = PBXFileReference; lastKnownFileType = sourcecode.swift; path = Tests_iOS.swift; sourceTree = "<group>"; };
		25636991285896900034FDF8 /* Tests_iOSLaunchTests.swift */ = {isa = PBXFileReference; lastKnownFileType = sourcecode.swift; path = Tests_iOSLaunchTests.swift; sourceTree = "<group>"; };
		25636997285896910034FDF8 /* Tests macOS.xctest */ = {isa = PBXFileReference; explicitFileType = wrapper.cfbundle; includeInIndex = 0; path = "Tests macOS.xctest"; sourceTree = BUILT_PRODUCTS_DIR; };
		2563699B285896910034FDF8 /* Tests_macOS.swift */ = {isa = PBXFileReference; lastKnownFileType = sourcecode.swift; path = Tests_macOS.swift; sourceTree = "<group>"; };
		2563699D285896910034FDF8 /* Tests_macOSLaunchTests.swift */ = {isa = PBXFileReference; lastKnownFileType = sourcecode.swift; path = Tests_macOSLaunchTests.swift; sourceTree = "<group>"; };
		256369B62858A1BA0034FDF8 /* CircleImage.swift */ = {isa = PBXFileReference; lastKnownFileType = sourcecode.swift; path = CircleImage.swift; sourceTree = "<group>"; };
		256369B92858A2E20034FDF8 /* MapView.swift */ = {isa = PBXFileReference; lastKnownFileType = sourcecode.swift; path = MapView.swift; sourceTree = "<group>"; };
		25E21A532859FC7600013EDE /* landmarkData.json */ = {isa = PBXFileReference; fileEncoding = 4; lastKnownFileType = text.json; path = landmarkData.json; sourceTree = "<group>"; };
		25E21A562859FC9D00013EDE /* Landmark.swift */ = {isa = PBXFileReference; lastKnownFileType = sourcecode.swift; path = Landmark.swift; sourceTree = "<group>"; };
		25E21A592859FF1E00013EDE /* Data.swift */ = {isa = PBXFileReference; lastKnownFileType = sourcecode.swift; path = Data.swift; sourceTree = "<group>"; };
/* End PBXFileReference section */

/* Begin PBXFrameworksBuildPhase section */
		2563697B285896900034FDF8 /* Frameworks */ = {
			isa = PBXFrameworksBuildPhase;
			buildActionMask = 2147483647;
			files = (
			);
			runOnlyForDeploymentPostprocessing = 0;
		};
		25636981285896900034FDF8 /* Frameworks */ = {
			isa = PBXFrameworksBuildPhase;
			buildActionMask = 2147483647;
			files = (
			);
			runOnlyForDeploymentPostprocessing = 0;
		};
		25636988285896900034FDF8 /* Frameworks */ = {
			isa = PBXFrameworksBuildPhase;
			buildActionMask = 2147483647;
			files = (
			);
			runOnlyForDeploymentPostprocessing = 0;
		};
		25636994285896910034FDF8 /* Frameworks */ = {
			isa = PBXFrameworksBuildPhase;
			buildActionMask = 2147483647;
			files = (
			);
			runOnlyForDeploymentPostprocessing = 0;
		};
/* End PBXFrameworksBuildPhase section */

/* Begin PBXGroup section */
		25636971285896880034FDF8 = {
			isa = PBXGroup;
			children = (
				25636976285896890034FDF8 /* Shared */,
				25636985285896900034FDF8 /* macOS */,
				2563698E285896900034FDF8 /* Tests iOS */,
				2563699A285896910034FDF8 /* Tests macOS */,
				2563697F285896900034FDF8 /* Products */,
			);
			sourceTree = "<group>";
			usesTabs = 1;
		};
		25636976285896890034FDF8 /* Shared */ = {
			isa = PBXGroup;
			children = (
				25E21A532859FC7600013EDE /* landmarkData.json */,
				25636977285896890034FDF8 /* CoordinatorApp.swift */,
				25636978285896890034FDF8 /* ContentView.swift */,
				25636979285896900034FDF8 /* Assets.xcassets */,
				25E21A562859FC9D00013EDE /* Landmark.swift */,
				25E21A592859FF1E00013EDE /* Data.swift */,
				256369B62858A1BA0034FDF8 /* CircleImage.swift */,
				256369B92858A2E20034FDF8 /* MapView.swift */,
			);
			path = Shared;
			sourceTree = "<group>";
		};
		2563697F285896900034FDF8 /* Products */ = {
			isa = PBXGroup;
			children = (
				2563697E285896900034FDF8 /* Coordinator.app */,
				25636984285896900034FDF8 /* Coordinator.app */,
				2563698B285896900034FDF8 /* Tests iOS.xctest */,
				25636997285896910034FDF8 /* Tests macOS.xctest */,
			);
			name = Products;
			sourceTree = "<group>";
		};
		25636985285896900034FDF8 /* macOS */ = {
			isa = PBXGroup;
			children = (
				25636986285896900034FDF8 /* macOS.entitlements */,
			);
			path = macOS;
			sourceTree = "<group>";
		};
		2563698E285896900034FDF8 /* Tests iOS */ = {
			isa = PBXGroup;
			children = (
				2563698F285896900034FDF8 /* Tests_iOS.swift */,
				25636991285896900034FDF8 /* Tests_iOSLaunchTests.swift */,
			);
			path = "Tests iOS";
			sourceTree = "<group>";
		};
		2563699A285896910034FDF8 /* Tests macOS */ = {
			isa = PBXGroup;
			children = (
				2563699B285896910034FDF8 /* Tests_macOS.swift */,
				2563699D285896910034FDF8 /* Tests_macOSLaunchTests.swift */,
			);
			path = "Tests macOS";
			sourceTree = "<group>";
		};
/* End PBXGroup section */

/* Begin PBXNativeTarget section */
		2563697D285896900034FDF8 /* Coordinator (iOS) */ = {
			isa = PBXNativeTarget;
			buildConfigurationList = 256369A7285896910034FDF8 /* Build configuration list for PBXNativeTarget "Coordinator (iOS)" */;
			buildPhases = (
				2563697A285896900034FDF8 /* Sources */,
				2563697B285896900034FDF8 /* Frameworks */,
				2563697C285896900034FDF8 /* Resources */,
			);
			buildRules = (
			);
			dependencies = (
			);
			name = "Coordinator (iOS)";
			productName = "Coordinator (iOS)";
			productReference = 2563697E285896900034FDF8 /* Coordinator.app */;
			productType = "com.apple.product-type.application";
		};
		25636983285896900034FDF8 /* Coordinator (macOS) */ = {
			isa = PBXNativeTarget;
			buildConfigurationList = 256369AA285896910034FDF8 /* Build configuration list for PBXNativeTarget "Coordinator (macOS)" */;
			buildPhases = (
				25636980285896900034FDF8 /* Sources */,
				25636981285896900034FDF8 /* Frameworks */,
				25636982285896900034FDF8 /* Resources */,
			);
			buildRules = (
			);
			dependencies = (
			);
			name = "Coordinator (macOS)";
			productName = "Coordinator (macOS)";
			productReference = 25636984285896900034FDF8 /* Coordinator.app */;
			productType = "com.apple.product-type.application";
		};
		2563698A285896900034FDF8 /* Tests iOS */ = {
			isa = PBXNativeTarget;
			buildConfigurationList = 256369AD285896910034FDF8 /* Build configuration list for PBXNativeTarget "Tests iOS" */;
			buildPhases = (
				25636987285896900034FDF8 /* Sources */,
				25636988285896900034FDF8 /* Frameworks */,
				25636989285896900034FDF8 /* Resources */,
			);
			buildRules = (
			);
			dependencies = (
				2563698D285896900034FDF8 /* PBXTargetDependency */,
			);
			name = "Tests iOS";
			productName = "Tests iOS";
			productReference = 2563698B285896900034FDF8 /* Tests iOS.xctest */;
			productType = "com.apple.product-type.bundle.ui-testing";
		};
		25636996285896910034FDF8 /* Tests macOS */ = {
			isa = PBXNativeTarget;
			buildConfigurationList = 256369B0285896910034FDF8 /* Build configuration list for PBXNativeTarget "Tests macOS" */;
			buildPhases = (
				25636993285896910034FDF8 /* Sources */,
				25636994285896910034FDF8 /* Frameworks */,
				25636995285896910034FDF8 /* Resources */,
			);
			buildRules = (
			);
			dependencies = (
				25636999285896910034FDF8 /* PBXTargetDependency */,
			);
			name = "Tests macOS";
			productName = "Tests macOS";
			productReference = 25636997285896910034FDF8 /* Tests macOS.xctest */;
			productType = "com.apple.product-type.bundle.ui-testing";
		};
/* End PBXNativeTarget section */

/* Begin PBXProject section */
		25636972285896880034FDF8 /* Project object */ = {
			isa = PBXProject;
			attributes = {
				BuildIndependentTargetsInParallel = 1;
				LastSwiftUpdateCheck = 1340;
				LastUpgradeCheck = 1340;
				TargetAttributes = {
					2563697D285896900034FDF8 = {
						CreatedOnToolsVersion = 13.4.1;
					};
					25636983285896900034FDF8 = {
						CreatedOnToolsVersion = 13.4.1;
					};
					2563698A285896900034FDF8 = {
						CreatedOnToolsVersion = 13.4.1;
						TestTargetID = 2563697D285896900034FDF8;
					};
					25636996285896910034FDF8 = {
						CreatedOnToolsVersion = 13.4.1;
						TestTargetID = 25636983285896900034FDF8;
					};
				};
			};
			buildConfigurationList = 25636975285896880034FDF8 /* Build configuration list for PBXProject "Coordinator" */;
			compatibilityVersion = "Xcode 13.0";
			developmentRegion = en;
			hasScannedForEncodings = 0;
			knownRegions = (
				en,
				Base,
			);
			mainGroup = 25636971285896880034FDF8;
			productRefGroup = 2563697F285896900034FDF8 /* Products */;
			projectDirPath = "";
			projectRoot = "";
			targets = (
				2563697D285896900034FDF8 /* Coordinator (iOS) */,
				25636983285896900034FDF8 /* Coordinator (macOS) */,
				2563698A285896900034FDF8 /* Tests iOS */,
				25636996285896910034FDF8 /* Tests macOS */,
			);
		};
/* End PBXProject section */

/* Begin PBXResourcesBuildPhase section */
		2563697C285896900034FDF8 /* Resources */ = {
			isa = PBXResourcesBuildPhase;
			buildActionMask = 2147483647;
			files = (
				256369A3285896910034FDF8 /* Assets.xcassets in Resources */,
				25E21A542859FC7600013EDE /* landmarkData.json in Resources */,
			);
			runOnlyForDeploymentPostprocessing = 0;
		};
		25636982285896900034FDF8 /* Resources */ = {
			isa = PBXResourcesBuildPhase;
			buildActionMask = 2147483647;
			files = (
				256369A4285896910034FDF8 /* Assets.xcassets in Resources */,
				25E21A552859FC7600013EDE /* landmarkData.json in Resources */,
			);
			runOnlyForDeploymentPostprocessing = 0;
		};
		25636989285896900034FDF8 /* Resources */ = {
			isa = PBXResourcesBuildPhase;
			buildActionMask = 2147483647;
			files = (
			);
			runOnlyForDeploymentPostprocessing = 0;
		};
		25636995285896910034FDF8 /* Resources */ = {
			isa = PBXResourcesBuildPhase;
			buildActionMask = 2147483647;
			files = (
			);
			runOnlyForDeploymentPostprocessing = 0;
		};
/* End PBXResourcesBuildPhase section */

/* Begin PBXSourcesBuildPhase section */
		2563697A285896900034FDF8 /* Sources */ = {
			isa = PBXSourcesBuildPhase;
			buildActionMask = 2147483647;
			files = (
				256369A1285896910034FDF8 /* ContentView.swift in Sources */,
				25E21A5A2859FF1E00013EDE /* Data.swift in Sources */,
				256369BA2858A2E20034FDF8 /* MapView.swift in Sources */,
				2563699F285896910034FDF8 /* CoordinatorApp.swift in Sources */,
				256369B72858A1BA0034FDF8 /* CircleImage.swift in Sources */,
				25E21A572859FC9D00013EDE /* Landmark.swift in Sources */,
			);
			runOnlyForDeploymentPostprocessing = 0;
		};
		25636980285896900034FDF8 /* Sources */ = {
			isa = PBXSourcesBuildPhase;
			buildActionMask = 2147483647;
			files = (
				256369A2285896910034FDF8 /* ContentView.swift in Sources */,
				25E21A5B2859FF1E00013EDE /* Data.swift in Sources */,
				256369BB2858A2E20034FDF8 /* MapView.swift in Sources */,
				256369A0285896910034FDF8 /* CoordinatorApp.swift in Sources */,
				256369B82858A1BA0034FDF8 /* CircleImage.swift in Sources */,
				25E21A582859FC9D00013EDE /* Landmark.swift in Sources */,
			);
			runOnlyForDeploymentPostprocessing = 0;
		};
		25636987285896900034FDF8 /* Sources */ = {
			isa = PBXSourcesBuildPhase;
			buildActionMask = 2147483647;
			files = (
				25636992285896900034FDF8 /* Tests_iOSLaunchTests.swift in Sources */,
				25636990285896900034FDF8 /* Tests_iOS.swift in Sources */,
			);
			runOnlyForDeploymentPostprocessing = 0;
		};
		25636993285896910034FDF8 /* Sources */ = {
			isa = PBXSourcesBuildPhase;
			buildActionMask = 2147483647;
			files = (
				2563699E285896910034FDF8 /* Tests_macOSLaunchTests.swift in Sources */,
				2563699C285896910034FDF8 /* Tests_macOS.swift in Sources */,
			);
			runOnlyForDeploymentPostprocessing = 0;
		};
/* End PBXSourcesBuildPhase section */

/* Begin PBXTargetDependency section */
		2563698D285896900034FDF8 /* PBXTargetDependency */ = {
			isa = PBXTargetDependency;
			target = 2563697D285896900034FDF8 /* Coordinator (iOS) */;
			targetProxy = 2563698C285896900034FDF8 /* PBXContainerItemProxy */;
		};
		25636999285896910034FDF8 /* PBXTargetDependency */ = {
			isa = PBXTargetDependency;
			target = 25636983285896900034FDF8 /* Coordinator (macOS) */;
			targetProxy = 25636998285896910034FDF8 /* PBXContainerItemProxy */;
		};
/* End PBXTargetDependency section */

/* Begin XCBuildConfiguration section */
		256369A5285896910034FDF8 /* Debug */ = {
			isa = XCBuildConfiguration;
			buildSettings = {
				ALWAYS_SEARCH_USER_PATHS = NO;
				CLANG_ANALYZER_NONNULL = YES;
				CLANG_ANALYZER_NUMBER_OBJECT_CONVERSION = YES_AGGRESSIVE;
				CLANG_CXX_LANGUAGE_STANDARD = "gnu++17";
				CLANG_ENABLE_MODULES = YES;
				CLANG_ENABLE_OBJC_ARC = YES;
				CLANG_ENABLE_OBJC_WEAK = YES;
				CLANG_WARN_BLOCK_CAPTURE_AUTORELEASING = YES;
				CLANG_WARN_BOOL_CONVERSION = YES;
				CLANG_WARN_COMMA = YES;
				CLANG_WARN_CONSTANT_CONVERSION = YES;
				CLANG_WARN_DEPRECATED_OBJC_IMPLEMENTATIONS = YES;
				CLANG_WARN_DIRECT_OBJC_ISA_USAGE = YES_ERROR;
				CLANG_WARN_DOCUMENTATION_COMMENTS = YES;
				CLANG_WARN_EMPTY_BODY = YES;
				CLANG_WARN_ENUM_CONVERSION = YES;
				CLANG_WARN_INFINITE_RECURSION = YES;
				CLANG_WARN_INT_CONVERSION = YES;
				CLANG_WARN_NON_LITERAL_NULL_CONVERSION = YES;
				CLANG_WARN_OBJC_IMPLICIT_RETAIN_SELF = YES;
				CLANG_WARN_OBJC_LITERAL_CONVERSION = YES;
				CLANG_WARN_OBJC_ROOT_CLASS = YES_ERROR;
				CLANG_WARN_QUOTED_INCLUDE_IN_FRAMEWORK_HEADER = YES;
				CLANG_WARN_RANGE_LOOP_ANALYSIS = YES;
				CLANG_WARN_STRICT_PROTOTYPES = YES;
				CLANG_WARN_SUSPICIOUS_MOVE = YES;
				CLANG_WARN_UNGUARDED_AVAILABILITY = YES_AGGRESSIVE;
				CLANG_WARN_UNREACHABLE_CODE = YES;
				CLANG_WARN__DUPLICATE_METHOD_MATCH = YES;
				COPY_PHASE_STRIP = NO;
				DEBUG_INFORMATION_FORMAT = dwarf;
				ENABLE_STRICT_OBJC_MSGSEND = YES;
				ENABLE_TESTABILITY = YES;
				GCC_C_LANGUAGE_STANDARD = gnu11;
				GCC_DYNAMIC_NO_PIC = NO;
				GCC_NO_COMMON_BLOCKS = YES;
				GCC_OPTIMIZATION_LEVEL = 0;
				GCC_PREPROCESSOR_DEFINITIONS = (
					"DEBUG=1",
					"$(inherited)",
				);
				GCC_WARN_64_TO_32_BIT_CONVERSION = YES;
				GCC_WARN_ABOUT_RETURN_TYPE = YES_ERROR;
				GCC_WARN_UNDECLARED_SELECTOR = YES;
				GCC_WARN_UNINITIALIZED_AUTOS = YES_AGGRESSIVE;
				GCC_WARN_UNUSED_FUNCTION = YES;
				GCC_WARN_UNUSED_VARIABLE = YES;
				MTL_ENABLE_DEBUG_INFO = INCLUDE_SOURCE;
				MTL_FAST_MATH = YES;
				ONLY_ACTIVE_ARCH = YES;
				SWIFT_ACTIVE_COMPILATION_CONDITIONS = DEBUG;
				SWIFT_OPTIMIZATION_LEVEL = "-Onone";
			};
			name = Debug;
		};
		256369A6285896910034FDF8 /* Release */ = {
			isa = XCBuildConfiguration;
			buildSettings = {
				ALWAYS_SEARCH_USER_PATHS = NO;
				CLANG_ANALYZER_NONNULL = YES;
				CLANG_ANALYZER_NUMBER_OBJECT_CONVERSION = YES_AGGRESSIVE;
				CLANG_CXX_LANGUAGE_STANDARD = "gnu++17";
				CLANG_ENABLE_MODULES = YES;
				CLANG_ENABLE_OBJC_ARC = YES;
				CLANG_ENABLE_OBJC_WEAK = YES;
				CLANG_WARN_BLOCK_CAPTURE_AUTORELEASING = YES;
				CLANG_WARN_BOOL_CONVERSION = YES;
				CLANG_WARN_COMMA = YES;
				CLANG_WARN_CONSTANT_CONVERSION = YES;
				CLANG_WARN_DEPRECATED_OBJC_IMPLEMENTATIONS = YES;
				CLANG_WARN_DIRECT_OBJC_ISA_USAGE = YES_ERROR;
				CLANG_WARN_DOCUMENTATION_COMMENTS = YES;
				CLANG_WARN_EMPTY_BODY = YES;
				CLANG_WARN_ENUM_CONVERSION = YES;
				CLANG_WARN_INFINITE_RECURSION = YES;
				CLANG_WARN_INT_CONVERSION = YES;
				CLANG_WARN_NON_LITERAL_NULL_CONVERSION = YES;
				CLANG_WARN_OBJC_IMPLICIT_RETAIN_SELF = YES;
				CLANG_WARN_OBJC_LITERAL_CONVERSION = YES;
				CLANG_WARN_OBJC_ROOT_CLASS = YES_ERROR;
				CLANG_WARN_QUOTED_INCLUDE_IN_FRAMEWORK_HEADER = YES;
				CLANG_WARN_RANGE_LOOP_ANALYSIS = YES;
				CLANG_WARN_STRICT_PROTOTYPES = YES;
				CLANG_WARN_SUSPICIOUS_MOVE = YES;
				CLANG_WARN_UNGUARDED_AVAILABILITY = YES_AGGRESSIVE;
				CLANG_WARN_UNREACHABLE_CODE = YES;
				CLANG_WARN__DUPLICATE_METHOD_MATCH = YES;
				COPY_PHASE_STRIP = NO;
				DEBUG_INFORMATION_FORMAT = "dwarf-with-dsym";
				ENABLE_NS_ASSERTIONS = NO;
				ENABLE_STRICT_OBJC_MSGSEND = YES;
				GCC_C_LANGUAGE_STANDARD = gnu11;
				GCC_NO_COMMON_BLOCKS = YES;
				GCC_WARN_64_TO_32_BIT_CONVERSION = YES;
				GCC_WARN_ABOUT_RETURN_TYPE = YES_ERROR;
				GCC_WARN_UNDECLARED_SELECTOR = YES;
				GCC_WARN_UNINITIALIZED_AUTOS = YES_AGGRESSIVE;
				GCC_WARN_UNUSED_FUNCTION = YES;
				GCC_WARN_UNUSED_VARIABLE = YES;
				MTL_ENABLE_DEBUG_INFO = NO;
				MTL_FAST_MATH = YES;
				SWIFT_COMPILATION_MODE = wholemodule;
				SWIFT_OPTIMIZATION_LEVEL = "-O";
			};
			name = Release;
		};
		256369A8285896910034FDF8 /* Debug */ = {
			isa = XCBuildConfiguration;
			buildSettings = {
				ASSETCATALOG_COMPILER_APPICON_NAME = AppIcon;
				ASSETCATALOG_COMPILER_GLOBAL_ACCENT_COLOR_NAME = AccentColor;
				CODE_SIGN_STYLE = Automatic;
				CURRENT_PROJECT_VERSION = 1;
				DEVELOPMENT_TEAM = 9LYFDXK385;
				ENABLE_PREVIEWS = YES;
				GENERATE_INFOPLIST_FILE = YES;
				INFOPLIST_KEY_UIApplicationSceneManifest_Generation = YES;
				INFOPLIST_KEY_UIApplicationSupportsIndirectInputEvents = YES;
				INFOPLIST_KEY_UILaunchScreen_Generation = YES;
				INFOPLIST_KEY_UISupportedInterfaceOrientations_iPad = "UIInterfaceOrientationPortrait UIInterfaceOrientationPortraitUpsideDown UIInterfaceOrientationLandscapeLeft UIInterfaceOrientationLandscapeRight";
				INFOPLIST_KEY_UISupportedInterfaceOrientations_iPhone = "UIInterfaceOrientationPortrait UIInterfaceOrientationLandscapeLeft UIInterfaceOrientationLandscapeRight";
				IPHONEOS_DEPLOYMENT_TARGET = 15.5;
				LD_RUNPATH_SEARCH_PATHS = (
					"$(inherited)",
					"@executable_path/Frameworks",
				);
				MARKETING_VERSION = 1.0;
				PRODUCT_BUNDLE_IDENTIFIER = Timo.Coordinator;
				PRODUCT_NAME = Coordinator;
				SDKROOT = iphoneos;
				SWIFT_EMIT_LOC_STRINGS = YES;
				SWIFT_VERSION = 5.0;
				TARGETED_DEVICE_FAMILY = "1,2";
			};
			name = Debug;
		};
		256369A9285896910034FDF8 /* Release */ = {
			isa = XCBuildConfiguration;
			buildSettings = {
				ASSETCATALOG_COMPILER_APPICON_NAME = AppIcon;
				ASSETCATALOG_COMPILER_GLOBAL_ACCENT_COLOR_NAME = AccentColor;
				CODE_SIGN_STYLE = Automatic;
				CURRENT_PROJECT_VERSION = 1;
				DEVELOPMENT_TEAM = 9LYFDXK385;
				ENABLE_PREVIEWS = YES;
				GENERATE_INFOPLIST_FILE = YES;
				INFOPLIST_KEY_UIApplicationSceneManifest_Generation = YES;
				INFOPLIST_KEY_UIApplicationSupportsIndirectInputEvents = YES;
				INFOPLIST_KEY_UILaunchScreen_Generation = YES;
				INFOPLIST_KEY_UISupportedInterfaceOrientations_iPad = "UIInterfaceOrientationPortrait UIInterfaceOrientationPortraitUpsideDown UIInterfaceOrientationLandscapeLeft UIInterfaceOrientationLandscapeRight";
				INFOPLIST_KEY_UISupportedInterfaceOrientations_iPhone = "UIInterfaceOrientationPortrait UIInterfaceOrientationLandscapeLeft UIInterfaceOrientationLandscapeRight";
				IPHONEOS_DEPLOYMENT_TARGET = 15.5;
				LD_RUNPATH_SEARCH_PATHS = (
					"$(inherited)",
					"@executable_path/Frameworks",
				);
				MARKETING_VERSION = 1.0;
				PRODUCT_BUNDLE_IDENTIFIER = Timo.Coordinator;
				PRODUCT_NAME = Coordinator;
				SDKROOT = iphoneos;
				SWIFT_EMIT_LOC_STRINGS = YES;
				SWIFT_VERSION = 5.0;
				TARGETED_DEVICE_FAMILY = "1,2";
				VALIDATE_PRODUCT = YES;
			};
			name = Release;
		};
		256369AB285896910034FDF8 /* Debug */ = {
			isa = XCBuildConfiguration;
			buildSettings = {
				ASSETCATALOG_COMPILER_APPICON_NAME = AppIcon;
				ASSETCATALOG_COMPILER_GLOBAL_ACCENT_COLOR_NAME = AccentColor;
				CODE_SIGN_ENTITLEMENTS = macOS/macOS.entitlements;
				CODE_SIGN_STYLE = Automatic;
				COMBINE_HIDPI_IMAGES = YES;
				CURRENT_PROJECT_VERSION = 1;
				DEVELOPMENT_TEAM = 9LYFDXK385;
				ENABLE_HARDENED_RUNTIME = YES;
				ENABLE_PREVIEWS = YES;
				GENERATE_INFOPLIST_FILE = YES;
				INFOPLIST_KEY_NSHumanReadableCopyright = "";
				LD_RUNPATH_SEARCH_PATHS = (
					"$(inherited)",
					"@executable_path/../Frameworks",
				);
				MACOSX_DEPLOYMENT_TARGET = 12.3;
				MARKETING_VERSION = 1.0;
				PRODUCT_BUNDLE_IDENTIFIER = Timo.Coordinator;
				PRODUCT_NAME = Coordinator;
				SDKROOT = macosx;
				SWIFT_EMIT_LOC_STRINGS = YES;
				SWIFT_VERSION = 5.0;
			};
			name = Debug;
		};
		256369AC285896910034FDF8 /* Release */ = {
			isa = XCBuildConfiguration;
			buildSettings = {
				ASSETCATALOG_COMPILER_APPICON_NAME = AppIcon;
				ASSETCATALOG_COMPILER_GLOBAL_ACCENT_COLOR_NAME = AccentColor;
				CODE_SIGN_ENTITLEMENTS = macOS/macOS.entitlements;
				CODE_SIGN_STYLE = Automatic;
				COMBINE_HIDPI_IMAGES = YES;
				CURRENT_PROJECT_VERSION = 1;
				DEVELOPMENT_TEAM = 9LYFDXK385;
				ENABLE_HARDENED_RUNTIME = YES;
				ENABLE_PREVIEWS = YES;
				GENERATE_INFOPLIST_FILE = YES;
				INFOPLIST_KEY_NSHumanReadableCopyright = "";
				LD_RUNPATH_SEARCH_PATHS = (
					"$(inherited)",
					"@executable_path/../Frameworks",
				);
				MACOSX_DEPLOYMENT_TARGET = 12.3;
				MARKETING_VERSION = 1.0;
				PRODUCT_BUNDLE_IDENTIFIER = Timo.Coordinator;
				PRODUCT_NAME = Coordinator;
				SDKROOT = macosx;
				SWIFT_EMIT_LOC_STRINGS = YES;
				SWIFT_VERSION = 5.0;
			};
			name = Release;
		};
		256369AE285896910034FDF8 /* Debug */ = {
			isa = XCBuildConfiguration;
			buildSettings = {
				ALWAYS_EMBED_SWIFT_STANDARD_LIBRARIES = YES;
				CODE_SIGN_STYLE = Automatic;
				CURRENT_PROJECT_VERSION = 1;
				DEVELOPMENT_TEAM = 9LYFDXK385;
				GENERATE_INFOPLIST_FILE = YES;
				IPHONEOS_DEPLOYMENT_TARGET = 15.5;
				MARKETING_VERSION = 1.0;
				PRODUCT_BUNDLE_IDENTIFIER = "Timo.Tests-iOS";
				PRODUCT_NAME = "$(TARGET_NAME)";
				SDKROOT = iphoneos;
				SWIFT_EMIT_LOC_STRINGS = NO;
				SWIFT_VERSION = 5.0;
				TARGETED_DEVICE_FAMILY = "1,2";
				TEST_TARGET_NAME = "Coordinator (iOS)";
			};
			name = Debug;
		};
		256369AF285896910034FDF8 /* Release */ = {
			isa = XCBuildConfiguration;
			buildSettings = {
				ALWAYS_EMBED_SWIFT_STANDARD_LIBRARIES = YES;
				CODE_SIGN_STYLE = Automatic;
				CURRENT_PROJECT_VERSION = 1;
				DEVELOPMENT_TEAM = 9LYFDXK385;
				GENERATE_INFOPLIST_FILE = YES;
				IPHONEOS_DEPLOYMENT_TARGET = 15.5;
				MARKETING_VERSION = 1.0;
				PRODUCT_BUNDLE_IDENTIFIER = "Timo.Tests-iOS";
				PRODUCT_NAME = "$(TARGET_NAME)";
				SDKROOT = iphoneos;
				SWIFT_EMIT_LOC_STRINGS = NO;
				SWIFT_VERSION = 5.0;
				TARGETED_DEVICE_FAMILY = "1,2";
				TEST_TARGET_NAME = "Coordinator (iOS)";
				VALIDATE_PRODUCT = YES;
			};
			name = Release;
		};
		256369B1285896910034FDF8 /* Debug */ = {
			isa = XCBuildConfiguration;
			buildSettings = {
				ALWAYS_EMBED_SWIFT_STANDARD_LIBRARIES = YES;
				CODE_SIGN_STYLE = Automatic;
				CURRENT_PROJECT_VERSION = 1;
				DEVELOPMENT_TEAM = 9LYFDXK385;
				GENERATE_INFOPLIST_FILE = YES;
				MACOSX_DEPLOYMENT_TARGET = 12.3;
				MARKETING_VERSION = 1.0;
				PRODUCT_BUNDLE_IDENTIFIER = "Timo.Tests-macOS";
				PRODUCT_NAME = "$(TARGET_NAME)";
				SDKROOT = macosx;
				SWIFT_EMIT_LOC_STRINGS = NO;
				SWIFT_VERSION = 5.0;
				TEST_TARGET_NAME = "Coordinator (macOS)";
			};
			name = Debug;
		};
		256369B2285896910034FDF8 /* Release */ = {
			isa = XCBuildConfiguration;
			buildSettings = {
				ALWAYS_EMBED_SWIFT_STANDARD_LIBRARIES = YES;
				CODE_SIGN_STYLE = Automatic;
				CURRENT_PROJECT_VERSION = 1;
				DEVELOPMENT_TEAM = 9LYFDXK385;
				GENERATE_INFOPLIST_FILE = YES;
				MACOSX_DEPLOYMENT_TARGET = 12.3;
				MARKETING_VERSION = 1.0;
				PRODUCT_BUNDLE_IDENTIFIER = "Timo.Tests-macOS";
				PRODUCT_NAME = "$(TARGET_NAME)";
				SDKROOT = macosx;
				SWIFT_EMIT_LOC_STRINGS = NO;
				SWIFT_VERSION = 5.0;
				TEST_TARGET_NAME = "Coordinator (macOS)";
			};
			name = Release;
		};
/* End XCBuildConfiguration section */

/* Begin XCConfigurationList section */
		25636975285896880034FDF8 /* Build configuration list for PBXProject "Coordinator" */ = {
			isa = XCConfigurationList;
			buildConfigurations = (
				256369A5285896910034FDF8 /* Debug */,
				256369A6285896910034FDF8 /* Release */,
			);
			defaultConfigurationIsVisible = 0;
			defaultConfigurationName = Release;
		};
		256369A7285896910034FDF8 /* Build configuration list for PBXNativeTarget "Coordinator (iOS)" */ = {
			isa = XCConfigurationList;
			buildConfigurations = (
				256369A8285896910034FDF8 /* Debug */,
				256369A9285896910034FDF8 /* Release */,
			);
			defaultConfigurationIsVisible = 0;
			defaultConfigurationName = Release;
		};
		256369AA285896910034FDF8 /* Build configuration list for PBXNativeTarget "Coordinator (macOS)" */ = {
			isa = XCConfigurationList;
			buildConfigurations = (
				256369AB285896910034FDF8 /* Debug */,
				256369AC285896910034FDF8 /* Release */,
			);
			defaultConfigurationIsVisible = 0;
			defaultConfigurationName = Release;
		};
		256369AD285896910034FDF8 /* Build configuration list for PBXNativeTarget "Tests iOS" */ = {
			isa = XCConfigurationList;
			buildConfigurations = (
				256369AE285896910034FDF8 /* Debug */,
				256369AF285896910034FDF8 /* Release */,
			);
			defaultConfigurationIsVisible = 0;
			defaultConfigurationName = Release;
		};
		256369B0285896910034FDF8 /* Build configuration list for PBXNativeTarget "Tests macOS" */ = {
			isa = XCConfigurationList;
			buildConfigurations = (
				256369B1285896910034FDF8 /* Debug */,
				256369B2285896910034FDF8 /* Release */,
			);
			defaultConfigurationIsVisible = 0;
			defaultConfigurationName = Release;
		};
/* End XCConfigurationList section */
	};
	rootObject = 25636972285896880034FDF8 /* Project object */;
}
